
Microsoft Visual Studio Solution File, Format Version 12.00
# Visual Studio Version 17
VisualStudioVersion = 17.7.34202.233
MinimumVisualStudioVersion = 10.0.40219.1
Project("{FAE04EC0-301F-11D3-BF4B-00C04F79EFBC}") = "Day 1 - Part 1", "Day 1 - Part 1\Day 1 - Part 1.csproj", "{511A34F8-176D-42D9-845D-38BE665A3254}"
EndProject
Project("{FAE04EC0-301F-11D3-BF4B-00C04F79EFBC}") = "Day 1 - Part 2", "Day 1 - Part 2\Day 1 - Part 2.csproj", "{00748431-9311-42F8-A7FA-A74C237B759F}"
EndProject
Project("{FAE04EC0-301F-11D3-BF4B-00C04F79EFBC}") = "Day 2 - Part 1", "Day 2 - Part 1\Day 2 - Part 1.csproj", "{1401F708-0359-440B-8C12-528FAEC006A0}"
EndProject
Global
	GlobalSection(SolutionConfigurationPlatforms) = preSolution
		Debug|Any CPU = Debug|Any CPU
		Release|Any CPU = Release|Any CPU
	EndGlobalSection
	GlobalSection(ProjectConfigurationPlatforms) = postSolution
		{511A34F8-176D-42D9-845D-38BE665A3254}.Debug|Any CPU.ActiveCfg = Debug|Any CPU
		{511A34F8-176D-42D9-845D-38BE665A3254}.Debug|Any CPU.Build.0 = Debug|Any CPU
		{511A34F8-176D-42D9-845D-38BE665A3254}.Release|Any CPU.ActiveCfg = Release|Any CPU
		{511A34F8-176D-42D9-845D-38BE665A3254}.Release|Any CPU.Build.0 = Release|Any CPU
		{00748431-9311-42F8-A7FA-A74C237B759F}.Debug|Any CPU.ActiveCfg = Debug|Any CPU
		{00748431-9311-42F8-A7FA-A74C237B759F}.Debug|Any CPU.Build.0 = Debug|Any CPU
		{00748431-9311-42F8-A7FA-A74C237B759F}.Release|Any CPU.ActiveCfg = Release|Any CPU
		{00748431-9311-42F8-A7FA-A74C237B759F}.Release|Any CPU.Build.0 = Release|Any CPU
		{1401F708-0359-440B-8C12-528FAEC006A0}.Debug|Any CPU.ActiveCfg = Debug|Any CPU
		{1401F708-0359-440B-8C12-528FAEC006A0}.Debug|Any CPU.Build.0 = Debug|Any CPU
		{1401F708-0359-440B-8C12-528FAEC006A0}.Release|Any CPU.ActiveCfg = Release|Any CPU
		{1401F708-0359-440B-8C12-528FAEC006A0}.Release|Any CPU.Build.0 = Release|Any CPU
	EndGlobalSection
	GlobalSection(SolutionProperties) = preSolution
		HideSolutionNode = FALSE
	EndGlobalSection
	GlobalSection(ExtensibilityGlobals) = postSolution
		SolutionGuid = {01573991-A55C-4F10-B462-8ABA47DC7909}
	EndGlobalSection
EndGlobal
